
Microsoft Visual Studio Solution File, Format Version 12.00
# Visual Studio Version 16
VisualStudioVersion = 16.0.30011.22
MinimumVisualStudioVersion = 10.0.40219.1
Project("{FAE04EC0-301F-11D3-BF4B-00C04F79EFBC}") = "SocketInterface", "SocketInterface.csproj", "{096EEC4E-85CD-46EF-AF69-7B48BDD838AB}"
EndProject
Global
	GlobalSection(SolutionConfigurationPlatforms) = preSolution
		Debug|Any CPU = Debug|Any CPU
		Release|Any CPU = Release|Any CPU
	EndGlobalSection
	GlobalSection(ProjectConfigurationPlatforms) = postSolution
		{096EEC4E-85CD-46EF-AF69-7B48BDD838AB}.Debug|Any CPU.ActiveCfg = Debug|Any CPU
		{096EEC4E-85CD-46EF-AF69-7B48BDD838AB}.Debug|Any CPU.Build.0 = Debug|Any CPU
		{096EEC4E-85CD-46EF-AF69-7B48BDD838AB}.Release|Any CPU.ActiveCfg = Release|Any CPU
		{096EEC4E-85CD-46EF-AF69-7B48BDD838AB}.Release|Any CPU.Build.0 = Release|Any CPU
	EndGlobalSection
	GlobalSection(SolutionProperties) = preSolution
		HideSolutionNode = FALSE
	EndGlobalSection
	GlobalSection(ExtensibilityGlobals) = postSolution
		SolutionGuid = {55970C78-1FD8-4F75-ABA8-3E1E903FBAA3}
	EndGlobalSection
EndGlobal
